
Microsoft Visual Studio Solution File, Format Version 12.00
# Visual Studio Version 17
VisualStudioVersion = 17.5.33530.505
MinimumVisualStudioVersion = 10.0.40219.1
Project("{FAE04EC0-301F-11D3-BF4B-00C04F79EFBC}") = "Quiz-Angular", "Quiz-Angular.csproj", "{EA257956-FD22-4280-BF6D-2C4113DF15AB}"
EndProject
Global
	GlobalSection(SolutionConfigurationPlatforms) = preSolution
		Debug|Any CPU = Debug|Any CPU
		Release|Any CPU = Release|Any CPU
	EndGlobalSection
	GlobalSection(ProjectConfigurationPlatforms) = postSolution
		{EA257956-FD22-4280-BF6D-2C4113DF15AB}.Debug|Any CPU.ActiveCfg = Debug|Any CPU
		{EA257956-FD22-4280-BF6D-2C4113DF15AB}.Debug|Any CPU.Build.0 = Debug|Any CPU
		{EA257956-FD22-4280-BF6D-2C4113DF15AB}.Release|Any CPU.ActiveCfg = Release|Any CPU
		{EA257956-FD22-4280-BF6D-2C4113DF15AB}.Release|Any CPU.Build.0 = Release|Any CPU
	EndGlobalSection
	GlobalSection(SolutionProperties) = preSolution
		HideSolutionNode = FALSE
	EndGlobalSection
	GlobalSection(ExtensibilityGlobals) = postSolution
		SolutionGuid = {B29AC7AB-5DC9-44FE-9589-6C4375097B5A}
	EndGlobalSection
EndGlobal
